
Microsoft Visual Studio Solution File, Format Version 12.00
# Visual Studio Version 16
VisualStudioVersion = 16.0.31702.278
MinimumVisualStudioVersion = 10.0.40219.1
Project("{8BC9CEB8-8B4A-11D0-8D11-00A0C91BC942}") = "Lab_6.3 rekur", "Lab_6.3 rekur\Lab_6.3 rekur.vcxproj", "{AA845B4C-CD12-4D05-BFBF-0BC8AB797DFB}"
EndProject
Project("{8BC9CEB8-8B4A-11D0-8D11-00A0C91BC942}") = "UnitTest1", "UnitTest1\UnitTest1.vcxproj", "{D3897816-F90E-49FE-97B0-FFCE757E0CA2}"
EndProject
Global
	GlobalSection(SolutionConfigurationPlatforms) = preSolution
		Debug|x64 = Debug|x64
		Debug|x86 = Debug|x86
		Release|x64 = Release|x64
		Release|x86 = Release|x86
	EndGlobalSection
	GlobalSection(ProjectConfigurationPlatforms) = postSolution
		{AA845B4C-CD12-4D05-BFBF-0BC8AB797DFB}.Debug|x64.ActiveCfg = Debug|x64
		{AA845B4C-CD12-4D05-BFBF-0BC8AB797DFB}.Debug|x64.Build.0 = Debug|x64
		{AA845B4C-CD12-4D05-BFBF-0BC8AB797DFB}.Debug|x86.ActiveCfg = Debug|Win32
		{AA845B4C-CD12-4D05-BFBF-0BC8AB797DFB}.Debug|x86.Build.0 = Debug|Win32
		{AA845B4C-CD12-4D05-BFBF-0BC8AB797DFB}.Release|x64.ActiveCfg = Release|x64
		{AA845B4C-CD12-4D05-BFBF-0BC8AB797DFB}.Release|x64.Build.0 = Release|x64
		{AA845B4C-CD12-4D05-BFBF-0BC8AB797DFB}.Release|x86.ActiveCfg = Release|Win32
		{AA845B4C-CD12-4D05-BFBF-0BC8AB797DFB}.Release|x86.Build.0 = Release|Win32
		{D3897816-F90E-49FE-97B0-FFCE757E0CA2}.Debug|x64.ActiveCfg = Debug|x64
		{D3897816-F90E-49FE-97B0-FFCE757E0CA2}.Debug|x64.Build.0 = Debug|x64
		{D3897816-F90E-49FE-97B0-FFCE757E0CA2}.Debug|x86.ActiveCfg = Debug|Win32
		{D3897816-F90E-49FE-97B0-FFCE757E0CA2}.Debug|x86.Build.0 = Debug|Win32
		{D3897816-F90E-49FE-97B0-FFCE757E0CA2}.Release|x64.ActiveCfg = Release|x64
		{D3897816-F90E-49FE-97B0-FFCE757E0CA2}.Release|x64.Build.0 = Release|x64
		{D3897816-F90E-49FE-97B0-FFCE757E0CA2}.Release|x86.ActiveCfg = Release|Win32
		{D3897816-F90E-49FE-97B0-FFCE757E0CA2}.Release|x86.Build.0 = Release|Win32
	EndGlobalSection
	GlobalSection(SolutionProperties) = preSolution
		HideSolutionNode = FALSE
	EndGlobalSection
	GlobalSection(ExtensibilityGlobals) = postSolution
		SolutionGuid = {6CFD5CA6-6EF2-41C6-B411-09214FA8CC19}
	EndGlobalSection
EndGlobal
